// !$*UTF8*$!
{
	archiveVersion = 1;
	classes = {
	};
	objectVersion = 46;
	objects = {

/* Begin PBXBuildFile section */
		930613191C046BB90065F12C /* AppDelegate.swift in Sources */ = {isa = PBXBuildFile; fileRef = 930613181C046BB90065F12C /* AppDelegate.swift */; };
		9306131B1C046BB90065F12C /* ViewController.swift in Sources */ = {isa = PBXBuildFile; fileRef = 9306131A1C046BB90065F12C /* ViewController.swift */; };
		9306131E1C046BB90065F12C /* Main.storyboard in Resources */ = {isa = PBXBuildFile; fileRef = 9306131C1C046BB90065F12C /* Main.storyboard */; };
		930613211C046BB90065F12C /* BlocSpot.xcdatamodeld in Sources */ = {isa = PBXBuildFile; fileRef = 9306131F1C046BB90065F12C /* BlocSpot.xcdatamodeld */; };
		930613231C046BB90065F12C /* Assets.xcassets in Resources */ = {isa = PBXBuildFile; fileRef = 930613221C046BB90065F12C /* Assets.xcassets */; };
		930613261C046BB90065F12C /* LaunchScreen.storyboard in Resources */ = {isa = PBXBuildFile; fileRef = 930613241C046BB90065F12C /* LaunchScreen.storyboard */; };
		930613311C046BB90065F12C /* BlocSpotTests.swift in Sources */ = {isa = PBXBuildFile; fileRef = 930613301C046BB90065F12C /* BlocSpotTests.swift */; };
		9306133C1C046BB90065F12C /* BlocSpotUITests.swift in Sources */ = {isa = PBXBuildFile; fileRef = 9306133B1C046BB90065F12C /* BlocSpotUITests.swift */; };
		9306134A1C046BCE0065F12C /* MapKit.framework in Frameworks */ = {isa = PBXBuildFile; fileRef = 930613491C046BCE0065F12C /* MapKit.framework */; };
		93272F6E1C04A33100CA43C4 /* CoreLocation.framework in Frameworks */ = {isa = PBXBuildFile; fileRef = 93272F6D1C04A33100CA43C4 /* CoreLocation.framework */; };
		93272F701C04A33900CA43C4 /* CoreData.framework in Frameworks */ = {isa = PBXBuildFile; fileRef = 93272F6F1C04A33900CA43C4 /* CoreData.framework */; };
		93272F721C04A8DE00CA43C4 /* PlacesViewController.swift in Sources */ = {isa = PBXBuildFile; fileRef = 93272F711C04A8DE00CA43C4 /* PlacesViewController.swift */; };
		95E959D23CF5476C09932F36 /* libPods.a in Frameworks */ = {isa = PBXBuildFile; fileRef = 7C91CC87BC1AC57D0421F64E /* libPods.a */; };
/* End PBXBuildFile section */

/* Begin PBXContainerItemProxy section */
		9306132D1C046BB90065F12C /* PBXContainerItemProxy */ = {
			isa = PBXContainerItemProxy;
			containerPortal = 9306130D1C046BB80065F12C /* Project object */;
			proxyType = 1;
			remoteGlobalIDString = 930613141C046BB80065F12C;
			remoteInfo = BlocSpot;
		};
		930613381C046BB90065F12C /* PBXContainerItemProxy */ = {
			isa = PBXContainerItemProxy;
			containerPortal = 9306130D1C046BB80065F12C /* Project object */;
			proxyType = 1;
			remoteGlobalIDString = 930613141C046BB80065F12C;
			remoteInfo = BlocSpot;
		};
/* End PBXContainerItemProxy section */

/* Begin PBXFileReference section */
		7C91CC87BC1AC57D0421F64E /* libPods.a */ = {isa = PBXFileReference; explicitFileType = archive.ar; includeInIndex = 0; path = libPods.a; sourceTree = BUILT_PRODUCTS_DIR; };
		930613151C046BB90065F12C /* BlocSpot.app */ = {isa = PBXFileReference; explicitFileType = wrapper.application; includeInIndex = 0; path = BlocSpot.app; sourceTree = BUILT_PRODUCTS_DIR; };
		930613181C046BB90065F12C /* AppDelegate.swift */ = {isa = PBXFileReference; lastKnownFileType = sourcecode.swift; path = AppDelegate.swift; sourceTree = "<group>"; };
		9306131A1C046BB90065F12C /* ViewController.swift */ = {isa = PBXFileReference; lastKnownFileType = sourcecode.swift; path = ViewController.swift; sourceTree = "<group>"; };
		9306131D1C046BB90065F12C /* Base */ = {isa = PBXFileReference; lastKnownFileType = file.storyboard; name = Base; path = Base.lproj/Main.storyboard; sourceTree = "<group>"; };
		930613201C046BB90065F12C /* BlocSpot.xcdatamodel */ = {isa = PBXFileReference; lastKnownFileType = wrapper.xcdatamodel; path = BlocSpot.xcdatamodel; sourceTree = "<group>"; };
		930613221C046BB90065F12C /* Assets.xcassets */ = {isa = PBXFileReference; lastKnownFileType = folder.assetcatalog; path = Assets.xcassets; sourceTree = "<group>"; };
		930613251C046BB90065F12C /* Base */ = {isa = PBXFileReference; lastKnownFileType = file.storyboard; name = Base; path = Base.lproj/LaunchScreen.storyboard; sourceTree = "<group>"; };
		930613271C046BB90065F12C /* Info.plist */ = {isa = PBXFileReference; lastKnownFileType = text.plist.xml; path = Info.plist; sourceTree = "<group>"; };
		9306132C1C046BB90065F12C /* BlocSpotTests.xctest */ = {isa = PBXFileReference; explicitFileType = wrapper.cfbundle; includeInIndex = 0; path = BlocSpotTests.xctest; sourceTree = BUILT_PRODUCTS_DIR; };
		930613301C046BB90065F12C /* BlocSpotTests.swift */ = {isa = PBXFileReference; lastKnownFileType = sourcecode.swift; path = BlocSpotTests.swift; sourceTree = "<group>"; };
		930613321C046BB90065F12C /* Info.plist */ = {isa = PBXFileReference; lastKnownFileType = text.plist.xml; path = Info.plist; sourceTree = "<group>"; };
		930613371C046BB90065F12C /* BlocSpotUITests.xctest */ = {isa = PBXFileReference; explicitFileType = wrapper.cfbundle; includeInIndex = 0; path = BlocSpotUITests.xctest; sourceTree = BUILT_PRODUCTS_DIR; };
		9306133B1C046BB90065F12C /* BlocSpotUITests.swift */ = {isa = PBXFileReference; lastKnownFileType = sourcecode.swift; path = BlocSpotUITests.swift; sourceTree = "<group>"; };
		9306133D1C046BB90065F12C /* Info.plist */ = {isa = PBXFileReference; lastKnownFileType = text.plist.xml; path = Info.plist; sourceTree = "<group>"; };
		930613491C046BCE0065F12C /* MapKit.framework */ = {isa = PBXFileReference; lastKnownFileType = wrapper.framework; name = MapKit.framework; path = System/Library/Frameworks/MapKit.framework; sourceTree = SDKROOT; };
		93272F6D1C04A33100CA43C4 /* CoreLocation.framework */ = {isa = PBXFileReference; lastKnownFileType = wrapper.framework; name = CoreLocation.framework; path = System/Library/Frameworks/CoreLocation.framework; sourceTree = SDKROOT; };
		93272F6F1C04A33900CA43C4 /* CoreData.framework */ = {isa = PBXFileReference; lastKnownFileType = wrapper.framework; name = CoreData.framework; path = System/Library/Frameworks/CoreData.framework; sourceTree = SDKROOT; };
		93272F711C04A8DE00CA43C4 /* PlacesViewController.swift */ = {isa = PBXFileReference; fileEncoding = 4; lastKnownFileType = sourcecode.swift; path = PlacesViewController.swift; sourceTree = "<group>"; };
		AD6E1A45BB43319A6F321593 /* Pods.release.xcconfig */ = {isa = PBXFileReference; includeInIndex = 1; lastKnownFileType = text.xcconfig; name = Pods.release.xcconfig; path = "Pods/Target Support Files/Pods/Pods.release.xcconfig"; sourceTree = "<group>"; };
		F5886676D107534B6A4C7C0E /* Pods.debug.xcconfig */ = {isa = PBXFileReference; includeInIndex = 1; lastKnownFileType = text.xcconfig; name = Pods.debug.xcconfig; path = "Pods/Target Support Files/Pods/Pods.debug.xcconfig"; sourceTree = "<group>"; };
/* End PBXFileReference section */

/* Begin PBXFrameworksBuildPhase section */
		930613121C046BB80065F12C /* Frameworks */ = {
			isa = PBXFrameworksBuildPhase;
			buildActionMask = 2147483647;
			files = (
				93272F701C04A33900CA43C4 /* CoreData.framework in Frameworks */,
				93272F6E1C04A33100CA43C4 /* CoreLocation.framework in Frameworks */,
				9306134A1C046BCE0065F12C /* MapKit.framework in Frameworks */,
				95E959D23CF5476C09932F36 /* libPods.a in Frameworks */,
			);
			runOnlyForDeploymentPostprocessing = 0;
		};
		930613291C046BB90065F12C /* Frameworks */ = {
			isa = PBXFrameworksBuildPhase;
			buildActionMask = 2147483647;
			files = (
			);
			runOnlyForDeploymentPostprocessing = 0;
		};
		930613341C046BB90065F12C /* Frameworks */ = {
			isa = PBXFrameworksBuildPhase;
			buildActionMask = 2147483647;
			files = (
			);
			runOnlyForDeploymentPostprocessing = 0;
		};
/* End PBXFrameworksBuildPhase section */

/* Begin PBXGroup section */
		807F10D16235B523A95932AC /* Frameworks */ = {
			isa = PBXGroup;
			children = (
				7C91CC87BC1AC57D0421F64E /* libPods.a */,
			);
			name = Frameworks;
			sourceTree = "<group>";
		};
		9306130C1C046BB80065F12C = {
			isa = PBXGroup;
			children = (
				93272F6F1C04A33900CA43C4 /* CoreData.framework */,
				93272F6D1C04A33100CA43C4 /* CoreLocation.framework */,
				930613491C046BCE0065F12C /* MapKit.framework */,
				930613171C046BB90065F12C /* BlocSpot */,
				9306132F1C046BB90065F12C /* BlocSpotTests */,
				9306133A1C046BB90065F12C /* BlocSpotUITests */,
				930613161C046BB90065F12C /* Products */,
				ADB35C551B30E29AB30BE2F7 /* Pods */,
				807F10D16235B523A95932AC /* Frameworks */,
			);
			sourceTree = "<group>";
		};
		930613161C046BB90065F12C /* Products */ = {
			isa = PBXGroup;
			children = (
				930613151C046BB90065F12C /* BlocSpot.app */,
				9306132C1C046BB90065F12C /* BlocSpotTests.xctest */,
				930613371C046BB90065F12C /* BlocSpotUITests.xctest */,
			);
			name = Products;
			sourceTree = "<group>";
		};
		930613171C046BB90065F12C /* BlocSpot */ = {
			isa = PBXGroup;
			children = (
				930613181C046BB90065F12C /* AppDelegate.swift */,
				9306131A1C046BB90065F12C /* ViewController.swift */,
				93272F711C04A8DE00CA43C4 /* PlacesViewController.swift */,
				9306131C1C046BB90065F12C /* Main.storyboard */,
				930613221C046BB90065F12C /* Assets.xcassets */,
				930613241C046BB90065F12C /* LaunchScreen.storyboard */,
				930613271C046BB90065F12C /* Info.plist */,
				9306131F1C046BB90065F12C /* BlocSpot.xcdatamodeld */,
			);
			path = BlocSpot;
			sourceTree = "<group>";
		};
		9306132F1C046BB90065F12C /* BlocSpotTests */ = {
			isa = PBXGroup;
			children = (
				930613301C046BB90065F12C /* BlocSpotTests.swift */,
				930613321C046BB90065F12C /* Info.plist */,
			);
			path = BlocSpotTests;
			sourceTree = "<group>";
		};
		9306133A1C046BB90065F12C /* BlocSpotUITests */ = {
			isa = PBXGroup;
			children = (
				9306133B1C046BB90065F12C /* BlocSpotUITests.swift */,
				9306133D1C046BB90065F12C /* Info.plist */,
			);
			path = BlocSpotUITests;
			sourceTree = "<group>";
		};
		ADB35C551B30E29AB30BE2F7 /* Pods */ = {
			isa = PBXGroup;
			children = (
				F5886676D107534B6A4C7C0E /* Pods.debug.xcconfig */,
				AD6E1A45BB43319A6F321593 /* Pods.release.xcconfig */,
			);
			name = Pods;
			sourceTree = "<group>";
		};
/* End PBXGroup section */

/* Begin PBXNativeTarget section */
		930613141C046BB80065F12C /* BlocSpot */ = {
			isa = PBXNativeTarget;
			buildConfigurationList = 930613401C046BB90065F12C /* Build configuration list for PBXNativeTarget "BlocSpot" */;
			buildPhases = (
				3E204D1920B03024ABC36B4A /* Check Pods Manifest.lock */,
				930613111C046BB80065F12C /* Sources */,
				930613121C046BB80065F12C /* Frameworks */,
				930613131C046BB80065F12C /* Resources */,
				BA9C2081B385B3DA40EED673 /* Embed Pods Frameworks */,
				BC6873C1E244A69332E8B5B2 /* Copy Pods Resources */,
			);
			buildRules = (
			);
			dependencies = (
			);
			name = BlocSpot;
			productName = BlocSpot;
			productReference = 930613151C046BB90065F12C /* BlocSpot.app */;
			productType = "com.apple.product-type.application";
		};
		9306132B1C046BB90065F12C /* BlocSpotTests */ = {
			isa = PBXNativeTarget;
			buildConfigurationList = 930613431C046BB90065F12C /* Build configuration list for PBXNativeTarget "BlocSpotTests" */;
			buildPhases = (
				930613281C046BB90065F12C /* Sources */,
				930613291C046BB90065F12C /* Frameworks */,
				9306132A1C046BB90065F12C /* Resources */,
			);
			buildRules = (
			);
			dependencies = (
				9306132E1C046BB90065F12C /* PBXTargetDependency */,
			);
			name = BlocSpotTests;
			productName = BlocSpotTests;
			productReference = 9306132C1C046BB90065F12C /* BlocSpotTests.xctest */;
			productType = "com.apple.product-type.bundle.unit-test";
		};
		930613361C046BB90065F12C /* BlocSpotUITests */ = {
			isa = PBXNativeTarget;
			buildConfigurationList = 930613461C046BB90065F12C /* Build configuration list for PBXNativeTarget "BlocSpotUITests" */;
			buildPhases = (
				930613331C046BB90065F12C /* Sources */,
				930613341C046BB90065F12C /* Frameworks */,
				930613351C046BB90065F12C /* Resources */,
			);
			buildRules = (
			);
			dependencies = (
				930613391C046BB90065F12C /* PBXTargetDependency */,
			);
			name = BlocSpotUITests;
			productName = BlocSpotUITests;
			productReference = 930613371C046BB90065F12C /* BlocSpotUITests.xctest */;
			productType = "com.apple.product-type.bundle.ui-testing";
		};
/* End PBXNativeTarget section */

/* Begin PBXProject section */
		9306130D1C046BB80065F12C /* Project object */ = {
			isa = PBXProject;
			attributes = {
				LastSwiftUpdateCheck = 0710;
				LastUpgradeCheck = 0710;
				ORGANIZATIONNAME = "Eric Chamberlin";
				TargetAttributes = {
					930613141C046BB80065F12C = {
						CreatedOnToolsVersion = 7.1;
						DevelopmentTeam = DNHK55WVPR;
						SystemCapabilities = {
							com.apple.Maps.iOS = {
								enabled = 1;
							};
							com.apple.Push = {
								enabled = 1;
							};
						};
					};
					9306132B1C046BB90065F12C = {
						CreatedOnToolsVersion = 7.1;
						TestTargetID = 930613141C046BB80065F12C;
					};
					930613361C046BB90065F12C = {
						CreatedOnToolsVersion = 7.1;
						TestTargetID = 930613141C046BB80065F12C;
					};
				};
			};
			buildConfigurationList = 930613101C046BB80065F12C /* Build configuration list for PBXProject "BlocSpot" */;
			compatibilityVersion = "Xcode 3.2";
			developmentRegion = English;
			hasScannedForEncodings = 0;
			knownRegions = (
				en,
				Base,
			);
			mainGroup = 9306130C1C046BB80065F12C;
			productRefGroup = 930613161C046BB90065F12C /* Products */;
			projectDirPath = "";
			projectRoot = "";
			targets = (
				930613141C046BB80065F12C /* BlocSpot */,
				9306132B1C046BB90065F12C /* BlocSpotTests */,
				930613361C046BB90065F12C /* BlocSpotUITests */,
			);
		};
/* End PBXProject section */

/* Begin PBXResourcesBuildPhase section */
		930613131C046BB80065F12C /* Resources */ = {
			isa = PBXResourcesBuildPhase;
			buildActionMask = 2147483647;
			files = (
				930613261C046BB90065F12C /* LaunchScreen.storyboard in Resources */,
				930613231C046BB90065F12C /* Assets.xcassets in Resources */,
				9306131E1C046BB90065F12C /* Main.storyboard in Resources */,
			);
			runOnlyForDeploymentPostprocessing = 0;
		};
		9306132A1C046BB90065F12C /* Resources */ = {
			isa = PBXResourcesBuildPhase;
			buildActionMask = 2147483647;
			files = (
			);
			runOnlyForDeploymentPostprocessing = 0;
		};
		930613351C046BB90065F12C /* Resources */ = {
			isa = PBXResourcesBuildPhase;
			buildActionMask = 2147483647;
			files = (
			);
			runOnlyForDeploymentPostprocessing = 0;
		};
/* End PBXResourcesBuildPhase section */

/* Begin PBXShellScriptBuildPhase section */
		3E204D1920B03024ABC36B4A /* Check Pods Manifest.lock */ = {
			isa = PBXShellScriptBuildPhase;
			buildActionMask = 2147483647;
			files = (
			);
			inputPaths = (
			);
			name = "Check Pods Manifest.lock";
			outputPaths = (
			);
			runOnlyForDeploymentPostprocessing = 0;
			shellPath = /bin/sh;
			shellScript = "diff \"${PODS_ROOT}/../Podfile.lock\" \"${PODS_ROOT}/Manifest.lock\" > /dev/null\nif [[ $? != 0 ]] ; then\n    cat << EOM\nerror: The sandbox is not in sync with the Podfile.lock. Run 'pod install' or update your CocoaPods installation.\nEOM\n    exit 1\nfi\n";
			showEnvVarsInLog = 0;
		};
		BA9C2081B385B3DA40EED673 /* Embed Pods Frameworks */ = {
			isa = PBXShellScriptBuildPhase;
			buildActionMask = 2147483647;
			files = (
			);
			inputPaths = (
			);
			name = "Embed Pods Frameworks";
			outputPaths = (
			);
			runOnlyForDeploymentPostprocessing = 0;
			shellPath = /bin/sh;
			shellScript = "\"${SRCROOT}/Pods/Target Support Files/Pods/Pods-frameworks.sh\"\n";
			showEnvVarsInLog = 0;
		};
		BC6873C1E244A69332E8B5B2 /* Copy Pods Resources */ = {
			isa = PBXShellScriptBuildPhase;
			buildActionMask = 2147483647;
			files = (
			);
			inputPaths = (
			);
			name = "Copy Pods Resources";
			outputPaths = (
			);
			runOnlyForDeploymentPostprocessing = 0;
			shellPath = /bin/sh;
			shellScript = "\"${SRCROOT}/Pods/Target Support Files/Pods/Pods-resources.sh\"\n";
			showEnvVarsInLog = 0;
		};
/* End PBXShellScriptBuildPhase section */

/* Begin PBXSourcesBuildPhase section */
		930613111C046BB80065F12C /* Sources */ = {
			isa = PBXSourcesBuildPhase;
			buildActionMask = 2147483647;
			files = (
				93272F721C04A8DE00CA43C4 /* PlacesViewController.swift in Sources */,
				930613211C046BB90065F12C /* BlocSpot.xcdatamodeld in Sources */,
				9306131B1C046BB90065F12C /* ViewController.swift in Sources */,
				930613191C046BB90065F12C /* AppDelegate.swift in Sources */,
			);
			runOnlyForDeploymentPostprocessing = 0;
		};
		930613281C046BB90065F12C /* Sources */ = {
			isa = PBXSourcesBuildPhase;
			buildActionMask = 2147483647;
			files = (
				930613311C046BB90065F12C /* BlocSpotTests.swift in Sources */,
			);
			runOnlyForDeploymentPostprocessing = 0;
		};
		930613331C046BB90065F12C /* Sources */ = {
			isa = PBXSourcesBuildPhase;
			buildActionMask = 2147483647;
			files = (
				9306133C1C046BB90065F12C /* BlocSpotUITests.swift in Sources */,
			);
			runOnlyForDeploymentPostprocessing = 0;
		};
/* End PBXSourcesBuildPhase section */

/* Begin PBXTargetDependency section */
		9306132E1C046BB90065F12C /* PBXTargetDependency */ = {
			isa = PBXTargetDependency;
			target = 930613141C046BB80065F12C /* BlocSpot */;
			targetProxy = 9306132D1C046BB90065F12C /* PBXContainerItemProxy */;
		};
		930613391C046BB90065F12C /* PBXTargetDependency */ = {
			isa = PBXTargetDependency;
			target = 930613141C046BB80065F12C /* BlocSpot */;
			targetProxy = 930613381C046BB90065F12C /* PBXContainerItemProxy */;
		};
/* End PBXTargetDependency section */

/* Begin PBXVariantGroup section */
		9306131C1C046BB90065F12C /* Main.storyboard */ = {
			isa = PBXVariantGroup;
			children = (
				9306131D1C046BB90065F12C /* Base */,
			);
			name = Main.storyboard;
			sourceTree = "<group>";
		};
		930613241C046BB90065F12C /* LaunchScreen.storyboard */ = {
			isa = PBXVariantGroup;
			children = (
				930613251C046BB90065F12C /* Base */,
			);
			name = LaunchScreen.storyboard;
			sourceTree = "<group>";
		};
/* End PBXVariantGroup section */

/* Begin XCBuildConfiguration section */
		9306133E1C046BB90065F12C /* Debug */ = {
			isa = XCBuildConfiguration;
			buildSettings = {
				ALWAYS_SEARCH_USER_PATHS = NO;
				CLANG_CXX_LANGUAGE_STANDARD = "gnu++0x";
				CLANG_CXX_LIBRARY = "libc++";
				CLANG_ENABLE_MODULES = YES;
				CLANG_ENABLE_OBJC_ARC = YES;
				CLANG_WARN_BOOL_CONVERSION = YES;
				CLANG_WARN_CONSTANT_CONVERSION = YES;
				CLANG_WARN_DIRECT_OBJC_ISA_USAGE = YES_ERROR;
				CLANG_WARN_EMPTY_BODY = YES;
				CLANG_WARN_ENUM_CONVERSION = YES;
				CLANG_WARN_INT_CONVERSION = YES;
				CLANG_WARN_OBJC_ROOT_CLASS = YES_ERROR;
				CLANG_WARN_UNREACHABLE_CODE = YES;
				CLANG_WARN__DUPLICATE_METHOD_MATCH = YES;
				"CODE_SIGN_IDENTITY[sdk=iphoneos*]" = "iPhone Developer";
				COPY_PHASE_STRIP = NO;
				DEBUG_INFORMATION_FORMAT = dwarf;
				ENABLE_STRICT_OBJC_MSGSEND = YES;
				ENABLE_TESTABILITY = YES;
				GCC_C_LANGUAGE_STANDARD = gnu99;
				GCC_DYNAMIC_NO_PIC = NO;
				GCC_NO_COMMON_BLOCKS = YES;
				GCC_OPTIMIZATION_LEVEL = 0;
				GCC_PREPROCESSOR_DEFINITIONS = (
					"DEBUG=1",
					"$(inherited)",
				);
				GCC_WARN_64_TO_32_BIT_CONVERSION = YES;
				GCC_WARN_ABOUT_RETURN_TYPE = YES_ERROR;
				GCC_WARN_UNDECLARED_SELECTOR = YES;
				GCC_WARN_UNINITIALIZED_AUTOS = YES_AGGRESSIVE;
				GCC_WARN_UNUSED_FUNCTION = YES;
				GCC_WARN_UNUSED_VARIABLE = YES;
				IPHONEOS_DEPLOYMENT_TARGET = 9.1;
				MTL_ENABLE_DEBUG_INFO = YES;
				ONLY_ACTIVE_ARCH = YES;
				SDKROOT = iphoneos;
				SWIFT_OPTIMIZATION_LEVEL = "-Onone";
				TARGETED_DEVICE_FAMILY = "1,2";
			};
			name = Debug;
		};
		9306133F1C046BB90065F12C /* Release */ = {
			isa = XCBuildConfiguration;
			buildSettings = {
				ALWAYS_SEARCH_USER_PATHS = NO;
				CLANG_CXX_LANGUAGE_STANDARD = "gnu++0x";
				CLANG_CXX_LIBRARY = "libc++";
				CLANG_ENABLE_MODULES = YES;
				CLANG_ENABLE_OBJC_ARC = YES;
				CLANG_WARN_BOOL_CONVERSION = YES;
				CLANG_WARN_CONSTANT_CONVERSION = YES;
				CLANG_WARN_DIRECT_OBJC_ISA_USAGE = YES_ERROR;
				CLANG_WARN_EMPTY_BODY = YES;
				CLANG_WARN_ENUM_CONVERSION = YES;
				CLANG_WARN_INT_CONVERSION = YES;
				CLANG_WARN_OBJC_ROOT_CLASS = YES_ERROR;
				CLANG_WARN_UNREACHABLE_CODE = YES;
				CLANG_WARN__DUPLICATE_METHOD_MATCH = YES;
				"CODE_SIGN_IDENTITY[sdk=iphoneos*]" = "iPhone Developer";
				COPY_PHASE_STRIP = NO;
				DEBUG_INFORMATION_FORMAT = "dwarf-with-dsym";
				ENABLE_NS_ASSERTIONS = NO;
				ENABLE_STRICT_OBJC_MSGSEND = YES;
				GCC_C_LANGUAGE_STANDARD = gnu99;
				GCC_NO_COMMON_BLOCKS = YES;
				GCC_WARN_64_TO_32_BIT_CONVERSION = YES;
				GCC_WARN_ABOUT_RETURN_TYPE = YES_ERROR;
				GCC_WARN_UNDECLARED_SELECTOR = YES;
				GCC_WARN_UNINITIALIZED_AUTOS = YES_AGGRESSIVE;
				GCC_WARN_UNUSED_FUNCTION = YES;
				GCC_WARN_UNUSED_VARIABLE = YES;
				IPHONEOS_DEPLOYMENT_TARGET = 9.1;
				MTL_ENABLE_DEBUG_INFO = NO;
				SDKROOT = iphoneos;
				TARGETED_DEVICE_FAMILY = "1,2";
				VALIDATE_PRODUCT = YES;
			};
			name = Release;
		};
		930613411C046BB90065F12C /* Debug */ = {
			isa = XCBuildConfiguration;
			baseConfigurationReference = F5886676D107534B6A4C7C0E /* Pods.debug.xcconfig */;
			buildSettings = {
				ASSETCATALOG_COMPILER_APPICON_NAME = AppIcon;
				CODE_SIGN_IDENTITY = "iPhone Developer";
				"CODE_SIGN_IDENTITY[sdk=iphoneos*]" = "iPhone Developer";
				INFOPLIST_FILE = BlocSpot/Info.plist;
				LD_RUNPATH_SEARCH_PATHS = "$(inherited) @executable_path/Frameworks";
				PRODUCT_BUNDLE_IDENTIFIER = "com.eric-ehamberlin.BlocSpot";
				PRODUCT_NAME = "$(TARGET_NAME)";
				PROVISIONING_PROFILE = "";
			};
			name = Debug;
		};
		930613421C046BB90065F12C /* Release */ = {
			isa = XCBuildConfiguration;
			baseConfigurationReference = AD6E1A45BB43319A6F321593 /* Pods.release.xcconfig */;
			buildSettings = {
				ASSETCATALOG_COMPILER_APPICON_NAME = AppIcon;
				CODE_SIGN_IDENTITY = "iPhone Developer";
				"CODE_SIGN_IDENTITY[sdk=iphoneos*]" = "iPhone Developer";
				INFOPLIST_FILE = BlocSpot/Info.plist;
				LD_RUNPATH_SEARCH_PATHS = "$(inherited) @executable_path/Frameworks";
				PRODUCT_BUNDLE_IDENTIFIER = "com.eric-ehamberlin.BlocSpot";
				PRODUCT_NAME = "$(TARGET_NAME)";
				PROVISIONING_PROFILE = "";
			};
			name = Release;
		};
		930613441C046BB90065F12C /* Debug */ = {
			isa = XCBuildConfiguration;
			buildSettings = {
				BUNDLE_LOADER = "$(TEST_HOST)";
				INFOPLIST_FILE = BlocSpotTests/Info.plist;
				LD_RUNPATH_SEARCH_PATHS = "$(inherited) @executable_path/Frameworks @loader_path/Frameworks";
				PRODUCT_BUNDLE_IDENTIFIER = "com.eric-ehamberlin.BlocSpotTests";
				PRODUCT_NAME = "$(TARGET_NAME)";
				TEST_HOST = "$(BUILT_PRODUCTS_DIR)/BlocSpot.app/BlocSpot";
			};
			name = Debug;
		};
		930613451C046BB90065F12C /* Release */ = {
			isa = XCBuildConfiguration;
			buildSettings = {
				BUNDLE_LOADER = "$(TEST_HOST)";
				INFOPLIST_FILE = BlocSpotTests/Info.plist;
				LD_RUNPATH_SEARCH_PATHS = "$(inherited) @executable_path/Frameworks @loader_path/Frameworks";
				PRODUCT_BUNDLE_IDENTIFIER = "com.eric-ehamberlin.BlocSpotTests";
				PRODUCT_NAME = "$(TARGET_NAME)";
				TEST_HOST = "$(BUILT_PRODUCTS_DIR)/BlocSpot.app/BlocSpot";
			};
			name = Release;
		};
		930613471C046BB90065F12C /* Debug */ = {
			isa = XCBuildConfiguration;
			buildSettings = {
				INFOPLIST_FILE = BlocSpotUITests/Info.plist;
				LD_RUNPATH_SEARCH_PATHS = "$(inherited) @executable_path/Frameworks @loader_path/Frameworks";
				PRODUCT_BUNDLE_IDENTIFIER = "com.eric-ehamberlin.BlocSpotUITests";
				PRODUCT_NAME = "$(TARGET_NAME)";
				TEST_TARGET_NAME = BlocSpot;
				USES_XCTRUNNER = YES;
			};
			name = Debug;
		};
		930613481C046BB90065F12C /* Release */ = {
			isa = XCBuildConfiguration;
			buildSettings = {
				INFOPLIST_FILE = BlocSpotUITests/Info.plist;
				LD_RUNPATH_SEARCH_PATHS = "$(inherited) @executable_path/Frameworks @loader_path/Frameworks";
				PRODUCT_BUNDLE_IDENTIFIER = "com.eric-ehamberlin.BlocSpotUITests";
				PRODUCT_NAME = "$(TARGET_NAME)";
				TEST_TARGET_NAME = BlocSpot;
				USES_XCTRUNNER = YES;
			};
			name = Release;
		};
/* End XCBuildConfiguration section */

/* Begin XCConfigurationList section */
		930613101C046BB80065F12C /* Build configuration list for PBXProject "BlocSpot" */ = {
			isa = XCConfigurationList;
			buildConfigurations = (
				9306133E1C046BB90065F12C /* Debug */,
				9306133F1C046BB90065F12C /* Release */,
			);
			defaultConfigurationIsVisible = 0;
			defaultConfigurationName = Release;
		};
		930613401C046BB90065F12C /* Build configuration list for PBXNativeTarget "BlocSpot" */ = {
			isa = XCConfigurationList;
			buildConfigurations = (
				930613411C046BB90065F12C /* Debug */,
				930613421C046BB90065F12C /* Release */,
			);
			defaultConfigurationIsVisible = 0;
			defaultConfigurationName = Release;
		};
		930613431C046BB90065F12C /* Build configuration list for PBXNativeTarget "BlocSpotTests" */ = {
			isa = XCConfigurationList;
			buildConfigurations = (
				930613441C046BB90065F12C /* Debug */,
				930613451C046BB90065F12C /* Release */,
			);
			defaultConfigurationIsVisible = 0;
			defaultConfigurationName = Release;
		};
		930613461C046BB90065F12C /* Build configuration list for PBXNativeTarget "BlocSpotUITests" */ = {
			isa = XCConfigurationList;
			buildConfigurations = (
				930613471C046BB90065F12C /* Debug */,
				930613481C046BB90065F12C /* Release */,
			);
			defaultConfigurationIsVisible = 0;
			defaultConfigurationName = Release;
		};
/* End XCConfigurationList section */

/* Begin XCVersionGroup section */
		9306131F1C046BB90065F12C /* BlocSpot.xcdatamodeld */ = {
			isa = XCVersionGroup;
			children = (
				930613201C046BB90065F12C /* BlocSpot.xcdatamodel */,
			);
			currentVersion = 930613201C046BB90065F12C /* BlocSpot.xcdatamodel */;
			path = BlocSpot.xcdatamodeld;
			sourceTree = "<group>";
			versionGroupType = wrapper.xcdatamodel;
		};
/* End XCVersionGroup section */
	};
	rootObject = 9306130D1C046BB80065F12C /* Project object */;
}
